
Microsoft Visual Studio Solution File, Format Version 12.00
# Visual Studio Version 17
VisualStudioVersion = 17.0.31903.59
MinimumVisualStudioVersion = 10.0.40219.1
Project("{2150E333-8FDC-42A3-9474-1A3956D46DE8}") = "src", "src", "{8159C644-5B15-4B64-8171-B8B70BEFAAF7}"
EndProject
Project("{FAE04EC0-301F-11D3-BF4B-00C04F79EFBC}") = "GymManagement.Api", "src\GymManagement.Api\GymManagement.Api.csproj", "{27C6AC9E-E8D8-418C-90D9-121C3B44E151}"
EndProject
Project("{FAE04EC0-301F-11D3-BF4B-00C04F79EFBC}") = "GymManagement.Application", "src\GymManagement.Application\GymManagement.Application.csproj", "{D5ACF5BC-F869-4C71-A35A-B0E456E619A1}"
EndProject
Project("{FAE04EC0-301F-11D3-BF4B-00C04F79EFBC}") = "GymManagement.Domain", "src\GymManagement.Domain\GymManagement.Domain.csproj", "{566723DF-858B-4474-89AF-8772113651DE}"
EndProject
Project("{FAE04EC0-301F-11D3-BF4B-00C04F79EFBC}") = "GymManagement.Infrastructure", "src\GymManagement.Infrastructure\GymManagement.Infrastructure.csproj", "{E141BCFE-E6C6-469E-A937-8B813FA38D25}"
EndProject
Project("{FAE04EC0-301F-11D3-BF4B-00C04F79EFBC}") = "GymManagement.Contracts", "src\GymManagement.Contracts\GymManagement.Contracts.csproj", "{0F32AB5B-7EF8-49D8-8297-442C0D3888DD}"
EndProject
Project("{2150E333-8FDC-42A3-9474-1A3956D46DE8}") = "test", "test", "{24FD5428-13CE-4713-BD26-72F02E35F2A7}"
EndProject
Project("{FAE04EC0-301F-11D3-BF4B-00C04F79EFBC}") = "TestCommon", "test\TestCommon\TestCommon.csproj", "{A43BE75F-2CE4-43D2-BDE1-D64EF5677C4F}"
EndProject
Project("{FAE04EC0-301F-11D3-BF4B-00C04F79EFBC}") = "GymManagement.Domain.UnitTest", "test\GymManagement.Domain.UnitTest\GymManagement.Domain.UnitTest.csproj", "{483A8547-50B0-4229-BDE6-1A34B50E02F2}"
EndProject
Project("{FAE04EC0-301F-11D3-BF4B-00C04F79EFBC}") = "GymManagement.Application.UnitTest", "test\GymManagement.Application.UnitTest\GymManagement.Application.UnitTest.csproj", "{B3FC7425-2077-4ABB-A4AC-CDF922DC1CED}"
EndProject
Project("{FAE04EC0-301F-11D3-BF4B-00C04F79EFBC}") = "GymManagement.Application.SubcutaneousTests", "test\GymManagement.Application.SubcutaneousTests\GymManagement.Application.SubcutaneousTests.csproj", "{C38D981C-AF5C-4CE1-AF20-7DEEBF9040B6}"
EndProject
Project("{FAE04EC0-301F-11D3-BF4B-00C04F79EFBC}") = "TestProjGymManagement.Api.IntegrationTests", "test\TestProjGymManagement.Api.IntegrationTests\TestProjGymManagement.Api.IntegrationTests.csproj", "{47A94CDA-1382-428D-9283-764CFF6D0C70}"
EndProject
Global
	GlobalSection(SolutionConfigurationPlatforms) = preSolution
		Debug|Any CPU = Debug|Any CPU
		Release|Any CPU = Release|Any CPU
	EndGlobalSection
	GlobalSection(SolutionProperties) = preSolution
		HideSolutionNode = FALSE
	EndGlobalSection
	GlobalSection(ProjectConfigurationPlatforms) = postSolution
		{27C6AC9E-E8D8-418C-90D9-121C3B44E151}.Debug|Any CPU.ActiveCfg = Debug|Any CPU
		{27C6AC9E-E8D8-418C-90D9-121C3B44E151}.Debug|Any CPU.Build.0 = Debug|Any CPU
		{27C6AC9E-E8D8-418C-90D9-121C3B44E151}.Release|Any CPU.ActiveCfg = Release|Any CPU
		{27C6AC9E-E8D8-418C-90D9-121C3B44E151}.Release|Any CPU.Build.0 = Release|Any CPU
		{D5ACF5BC-F869-4C71-A35A-B0E456E619A1}.Debug|Any CPU.ActiveCfg = Debug|Any CPU
		{D5ACF5BC-F869-4C71-A35A-B0E456E619A1}.Debug|Any CPU.Build.0 = Debug|Any CPU
		{D5ACF5BC-F869-4C71-A35A-B0E456E619A1}.Release|Any CPU.ActiveCfg = Release|Any CPU
		{D5ACF5BC-F869-4C71-A35A-B0E456E619A1}.Release|Any CPU.Build.0 = Release|Any CPU
		{566723DF-858B-4474-89AF-8772113651DE}.Debug|Any CPU.ActiveCfg = Debug|Any CPU
		{566723DF-858B-4474-89AF-8772113651DE}.Debug|Any CPU.Build.0 = Debug|Any CPU
		{566723DF-858B-4474-89AF-8772113651DE}.Release|Any CPU.ActiveCfg = Release|Any CPU
		{566723DF-858B-4474-89AF-8772113651DE}.Release|Any CPU.Build.0 = Release|Any CPU
		{E141BCFE-E6C6-469E-A937-8B813FA38D25}.Debug|Any CPU.ActiveCfg = Debug|Any CPU
		{E141BCFE-E6C6-469E-A937-8B813FA38D25}.Debug|Any CPU.Build.0 = Debug|Any CPU
		{E141BCFE-E6C6-469E-A937-8B813FA38D25}.Release|Any CPU.ActiveCfg = Release|Any CPU
		{E141BCFE-E6C6-469E-A937-8B813FA38D25}.Release|Any CPU.Build.0 = Release|Any CPU
		{0F32AB5B-7EF8-49D8-8297-442C0D3888DD}.Debug|Any CPU.ActiveCfg = Debug|Any CPU
		{0F32AB5B-7EF8-49D8-8297-442C0D3888DD}.Debug|Any CPU.Build.0 = Debug|Any CPU
		{0F32AB5B-7EF8-49D8-8297-442C0D3888DD}.Release|Any CPU.ActiveCfg = Release|Any CPU
		{0F32AB5B-7EF8-49D8-8297-442C0D3888DD}.Release|Any CPU.Build.0 = Release|Any CPU
		{A43BE75F-2CE4-43D2-BDE1-D64EF5677C4F}.Debug|Any CPU.ActiveCfg = Debug|Any CPU
		{A43BE75F-2CE4-43D2-BDE1-D64EF5677C4F}.Debug|Any CPU.Build.0 = Debug|Any CPU
		{A43BE75F-2CE4-43D2-BDE1-D64EF5677C4F}.Release|Any CPU.ActiveCfg = Release|Any CPU
		{A43BE75F-2CE4-43D2-BDE1-D64EF5677C4F}.Release|Any CPU.Build.0 = Release|Any CPU
		{483A8547-50B0-4229-BDE6-1A34B50E02F2}.Debug|Any CPU.ActiveCfg = Debug|Any CPU
		{483A8547-50B0-4229-BDE6-1A34B50E02F2}.Debug|Any CPU.Build.0 = Debug|Any CPU
		{483A8547-50B0-4229-BDE6-1A34B50E02F2}.Release|Any CPU.ActiveCfg = Release|Any CPU
		{483A8547-50B0-4229-BDE6-1A34B50E02F2}.Release|Any CPU.Build.0 = Release|Any CPU
		{B3FC7425-2077-4ABB-A4AC-CDF922DC1CED}.Debug|Any CPU.ActiveCfg = Debug|Any CPU
		{B3FC7425-2077-4ABB-A4AC-CDF922DC1CED}.Debug|Any CPU.Build.0 = Debug|Any CPU
		{B3FC7425-2077-4ABB-A4AC-CDF922DC1CED}.Release|Any CPU.ActiveCfg = Release|Any CPU
		{B3FC7425-2077-4ABB-A4AC-CDF922DC1CED}.Release|Any CPU.Build.0 = Release|Any CPU
		{C38D981C-AF5C-4CE1-AF20-7DEEBF9040B6}.Debug|Any CPU.ActiveCfg = Debug|Any CPU
		{C38D981C-AF5C-4CE1-AF20-7DEEBF9040B6}.Debug|Any CPU.Build.0 = Debug|Any CPU
		{C38D981C-AF5C-4CE1-AF20-7DEEBF9040B6}.Release|Any CPU.ActiveCfg = Release|Any CPU
		{C38D981C-AF5C-4CE1-AF20-7DEEBF9040B6}.Release|Any CPU.Build.0 = Release|Any CPU
		{47A94CDA-1382-428D-9283-764CFF6D0C70}.Debug|Any CPU.ActiveCfg = Debug|Any CPU
		{47A94CDA-1382-428D-9283-764CFF6D0C70}.Debug|Any CPU.Build.0 = Debug|Any CPU
		{47A94CDA-1382-428D-9283-764CFF6D0C70}.Release|Any CPU.ActiveCfg = Release|Any CPU
		{47A94CDA-1382-428D-9283-764CFF6D0C70}.Release|Any CPU.Build.0 = Release|Any CPU
	EndGlobalSection
	GlobalSection(NestedProjects) = preSolution
		{27C6AC9E-E8D8-418C-90D9-121C3B44E151} = {8159C644-5B15-4B64-8171-B8B70BEFAAF7}
		{D5ACF5BC-F869-4C71-A35A-B0E456E619A1} = {8159C644-5B15-4B64-8171-B8B70BEFAAF7}
		{566723DF-858B-4474-89AF-8772113651DE} = {8159C644-5B15-4B64-8171-B8B70BEFAAF7}
		{E141BCFE-E6C6-469E-A937-8B813FA38D25} = {8159C644-5B15-4B64-8171-B8B70BEFAAF7}
		{0F32AB5B-7EF8-49D8-8297-442C0D3888DD} = {8159C644-5B15-4B64-8171-B8B70BEFAAF7}
		{A43BE75F-2CE4-43D2-BDE1-D64EF5677C4F} = {24FD5428-13CE-4713-BD26-72F02E35F2A7}
		{483A8547-50B0-4229-BDE6-1A34B50E02F2} = {24FD5428-13CE-4713-BD26-72F02E35F2A7}
		{B3FC7425-2077-4ABB-A4AC-CDF922DC1CED} = {24FD5428-13CE-4713-BD26-72F02E35F2A7}
		{C38D981C-AF5C-4CE1-AF20-7DEEBF9040B6} = {24FD5428-13CE-4713-BD26-72F02E35F2A7}
		{47A94CDA-1382-428D-9283-764CFF6D0C70} = {24FD5428-13CE-4713-BD26-72F02E35F2A7}
	EndGlobalSection
EndGlobal
